
Microsoft Visual Studio Solution File, Format Version 12.00
# Visual Studio Version 17
VisualStudioVersion = 17.3.32811.315
MinimumVisualStudioVersion = 10.0.40219.1
Project("{FAE04EC0-301F-11D3-BF4B-00C04F79EFBC}") = "IT_Solutions", "IT_Solutions\IT_Solutions.csproj", "{0ECFE46C-79F5-482C-8FF3-A9355BD3E967}"
EndProject
Global
	GlobalSection(SolutionConfigurationPlatforms) = preSolution
		Debug|Any CPU = Debug|Any CPU
		Release|Any CPU = Release|Any CPU
	EndGlobalSection
	GlobalSection(ProjectConfigurationPlatforms) = postSolution
		{0ECFE46C-79F5-482C-8FF3-A9355BD3E967}.Debug|Any CPU.ActiveCfg = Debug|Any CPU
		{0ECFE46C-79F5-482C-8FF3-A9355BD3E967}.Debug|Any CPU.Build.0 = Debug|Any CPU
		{0ECFE46C-79F5-482C-8FF3-A9355BD3E967}.Release|Any CPU.ActiveCfg = Release|Any CPU
		{0ECFE46C-79F5-482C-8FF3-A9355BD3E967}.Release|Any CPU.Build.0 = Release|Any CPU
	EndGlobalSection
	GlobalSection(SolutionProperties) = preSolution
		HideSolutionNode = FALSE
	EndGlobalSection
	GlobalSection(ExtensibilityGlobals) = postSolution
		SolutionGuid = {0ED215F7-2B20-44BB-916A-91739CD7FE09}
	EndGlobalSection
EndGlobal
